
Microsoft Visual Studio Solution File, Format Version 12.00
# Visual Studio Version 17
VisualStudioVersion = 17.4.33110.190
MinimumVisualStudioVersion = 10.0.40219.1
Project("{FAE04EC0-301F-11D3-BF4B-00C04F79EFBC}") = "adonisface", "adonisface\adonisface.csproj", "{E01DD07D-207B-4F22-BEC7-712D5A3BA39F}"
EndProject
Global
	GlobalSection(SolutionConfigurationPlatforms) = preSolution
		Debug|Any CPU = Debug|Any CPU
		Release|Any CPU = Release|Any CPU
	EndGlobalSection
	GlobalSection(ProjectConfigurationPlatforms) = postSolution
		{E01DD07D-207B-4F22-BEC7-712D5A3BA39F}.Debug|Any CPU.ActiveCfg = Debug|Any CPU
		{E01DD07D-207B-4F22-BEC7-712D5A3BA39F}.Debug|Any CPU.Build.0 = Debug|Any CPU
		{E01DD07D-207B-4F22-BEC7-712D5A3BA39F}.Release|Any CPU.ActiveCfg = Release|Any CPU
		{E01DD07D-207B-4F22-BEC7-712D5A3BA39F}.Release|Any CPU.Build.0 = Release|Any CPU
	EndGlobalSection
	GlobalSection(SolutionProperties) = preSolution
		HideSolutionNode = FALSE
	EndGlobalSection
	GlobalSection(ExtensibilityGlobals) = postSolution
		SolutionGuid = {AEC66C0C-755A-49EC-BA09-D0437D92AFC4}
	EndGlobalSection
EndGlobal
